{
  "version": 1,
  "objects": {
    "app:dispute": {
      "guid": "165fd981caec0c880fc9dffbc2ba546f",
      "canonical": "dispute",
      "canonical_source": "code"
    },
    "dbo:agent_runs": {
      "guid": "9c0eca64d337d79c4a855a42712b7d71"
    },
    "dbo:decision_rules": {
      "guid": "8c90a5499154028bf08f572e40fe6651"
    },
    "dbo:dispute_actions": {
      "guid": "edecd8c51180830eba9f4245136e6770"
    },
    "dbo:disputes": {
      "guid": "22edf14453419a17323bdf7003fe2c23"
    },
    "dbo:operators": {
      "guid": "339bea49f9ec46355a8ef167f982bb9a"
    },
    "dbo:transactions": {
      "guid": "2a5b3c18b00ba6132fb855f1a2686ac8"
    },
    "query:dispute|GET|cases": {
      "guid": "ae8727df4ed3b709aabccc5f3136c858"
    },
    "query:dispute|GET|cases/{dispute_id}": {
      "guid": "129e57ee8ca38d0f22f70e5413e1f625"
    },
    "query:dispute|POST|cases/open": {
      "guid": "0e3c61a9afc4f3932379df64204f70d8"
    },
    "query:dispute|POST|cases/resolve": {
      "guid": "5f9379234ec3b75e50599f0d35a4bf17"
    },
    "query:dispute|POST|login": {
      "guid": "9403dd731cf529a6be1e8363a451ebe7"
    },
    "query:dispute|POST|seed": {
      "guid": "d7f9429d2590e796a48c8ef9a8a3a385"
    },
    "query:dispute|POST|triage": {
      "guid": "1ca031fa3b366603bbc95a6e379f1ef6"
    },
    "toolset:dispute_triage_agent": {
      "guid": "e47f231262726f837f9a909e31223811",
      "canonical": "vhdqtHH0",
      "canonical_source": "minted"
    }
  }
}
